
Microsoft Visual Studio Solution File, Format Version 12.00
# Visual Studio Version 16
VisualStudioVersion = 16.0.29512.175
MinimumVisualStudioVersion = 10.0.40219.1
Project("{9A19103F-16F7-4668-BE54-9A1E7A4F7556}") = "CryptoCAD.API", "CryptoCAD.API\CryptoCAD.API.csproj", "{88FCB626-BDB1-4090-83CA-3A026FCA1F5C}"
EndProject
Project("{2150E333-8FDC-42A3-9474-1A3956D46DE8}") = "Src", "Src", "{6A917193-1EC6-4603-8554-E66913986F87}"
EndProject
Project("{2150E333-8FDC-42A3-9474-1A3956D46DE8}") = "Core", "Core", "{9D22BF77-3E9F-4F93-8A1E-F626CB589572}"
EndProject
Project("{2150E333-8FDC-42A3-9474-1A3956D46DE8}") = "Presentation", "Presentation", "{C53015E6-7879-4B4F-8663-4D4EEDA91907}"
EndProject
Project("{2150E333-8FDC-42A3-9474-1A3956D46DE8}") = "Infrastructure", "Infrastructure", "{9A58C431-5830-4D50-A1F0-37A42EE406EB}"
EndProject
Project("{9A19103F-16F7-4668-BE54-9A1E7A4F7556}") = "CryptoCAD.Core", "CryptoCAD.Core\CryptoCAD.Core.csproj", "{094985DF-0D26-40C9-8DE5-E6C737CCCF68}"
EndProject
Project("{9A19103F-16F7-4668-BE54-9A1E7A4F7556}") = "CryptoCAD.Domain", "CryptoCAD.Domain\CryptoCAD.Domain.csproj", "{D5830730-32D8-481B-A16D-BCF733C4E7A4}"
EndProject
Project("{9A19103F-16F7-4668-BE54-9A1E7A4F7556}") = "CryptoCAD.Data", "CryptoCAD.Data\CryptoCAD.Data.csproj", "{46A82044-4F3B-4256-8AF0-0FD4F120E95E}"
EndProject
Project("{9A19103F-16F7-4668-BE54-9A1E7A4F7556}") = "CryptoCAD.Console", "CryptoCAD.Console\CryptoCAD.Console.csproj", "{59971F37-70AB-4106-B169-6F68B1BBA536}"
EndProject
Project("{2150E333-8FDC-42A3-9474-1A3956D46DE8}") = "Tests", "Tests", "{388F6081-845A-4B2F-AE56-7F001D43771A}"
EndProject
Project("{FAE04EC0-301F-11D3-BF4B-00C04F79EFBC}") = "CryptoCAD.Core.Tests", "CryptoCAD.Core.Tests\CryptoCAD.Core.Tests.csproj", "{6410370E-9C93-4D82-95DB-E732F0B48EA3}"
EndProject
Global
	GlobalSection(SolutionConfigurationPlatforms) = preSolution
		Debug|Any CPU = Debug|Any CPU
		Release|Any CPU = Release|Any CPU
	EndGlobalSection
	GlobalSection(ProjectConfigurationPlatforms) = postSolution
		{88FCB626-BDB1-4090-83CA-3A026FCA1F5C}.Debug|Any CPU.ActiveCfg = Debug|Any CPU
		{88FCB626-BDB1-4090-83CA-3A026FCA1F5C}.Debug|Any CPU.Build.0 = Debug|Any CPU
		{88FCB626-BDB1-4090-83CA-3A026FCA1F5C}.Release|Any CPU.ActiveCfg = Release|Any CPU
		{88FCB626-BDB1-4090-83CA-3A026FCA1F5C}.Release|Any CPU.Build.0 = Release|Any CPU
		{094985DF-0D26-40C9-8DE5-E6C737CCCF68}.Debug|Any CPU.ActiveCfg = Debug|Any CPU
		{094985DF-0D26-40C9-8DE5-E6C737CCCF68}.Debug|Any CPU.Build.0 = Debug|Any CPU
		{094985DF-0D26-40C9-8DE5-E6C737CCCF68}.Release|Any CPU.ActiveCfg = Release|Any CPU
		{094985DF-0D26-40C9-8DE5-E6C737CCCF68}.Release|Any CPU.Build.0 = Release|Any CPU
		{D5830730-32D8-481B-A16D-BCF733C4E7A4}.Debug|Any CPU.ActiveCfg = Debug|Any CPU
		{D5830730-32D8-481B-A16D-BCF733C4E7A4}.Debug|Any CPU.Build.0 = Debug|Any CPU
		{D5830730-32D8-481B-A16D-BCF733C4E7A4}.Release|Any CPU.ActiveCfg = Release|Any CPU
		{D5830730-32D8-481B-A16D-BCF733C4E7A4}.Release|Any CPU.Build.0 = Release|Any CPU
		{46A82044-4F3B-4256-8AF0-0FD4F120E95E}.Debug|Any CPU.ActiveCfg = Debug|Any CPU
		{46A82044-4F3B-4256-8AF0-0FD4F120E95E}.Debug|Any CPU.Build.0 = Debug|Any CPU
		{46A82044-4F3B-4256-8AF0-0FD4F120E95E}.Release|Any CPU.ActiveCfg = Release|Any CPU
		{46A82044-4F3B-4256-8AF0-0FD4F120E95E}.Release|Any CPU.Build.0 = Release|Any CPU
		{59971F37-70AB-4106-B169-6F68B1BBA536}.Debug|Any CPU.ActiveCfg = Debug|Any CPU
		{59971F37-70AB-4106-B169-6F68B1BBA536}.Debug|Any CPU.Build.0 = Debug|Any CPU
		{59971F37-70AB-4106-B169-6F68B1BBA536}.Release|Any CPU.ActiveCfg = Release|Any CPU
		{59971F37-70AB-4106-B169-6F68B1BBA536}.Release|Any CPU.Build.0 = Release|Any CPU
		{6410370E-9C93-4D82-95DB-E732F0B48EA3}.Debug|Any CPU.ActiveCfg = Debug|Any CPU
		{6410370E-9C93-4D82-95DB-E732F0B48EA3}.Debug|Any CPU.Build.0 = Debug|Any CPU
		{6410370E-9C93-4D82-95DB-E732F0B48EA3}.Release|Any CPU.ActiveCfg = Release|Any CPU
		{6410370E-9C93-4D82-95DB-E732F0B48EA3}.Release|Any CPU.Build.0 = Release|Any CPU
	EndGlobalSection
	GlobalSection(SolutionProperties) = preSolution
		HideSolutionNode = FALSE
	EndGlobalSection
	GlobalSection(NestedProjects) = preSolution
		{88FCB626-BDB1-4090-83CA-3A026FCA1F5C} = {C53015E6-7879-4B4F-8663-4D4EEDA91907}
		{9D22BF77-3E9F-4F93-8A1E-F626CB589572} = {6A917193-1EC6-4603-8554-E66913986F87}
		{C53015E6-7879-4B4F-8663-4D4EEDA91907} = {6A917193-1EC6-4603-8554-E66913986F87}
		{9A58C431-5830-4D50-A1F0-37A42EE406EB} = {6A917193-1EC6-4603-8554-E66913986F87}
		{094985DF-0D26-40C9-8DE5-E6C737CCCF68} = {9D22BF77-3E9F-4F93-8A1E-F626CB589572}
		{D5830730-32D8-481B-A16D-BCF733C4E7A4} = {9D22BF77-3E9F-4F93-8A1E-F626CB589572}
		{46A82044-4F3B-4256-8AF0-0FD4F120E95E} = {9A58C431-5830-4D50-A1F0-37A42EE406EB}
		{59971F37-70AB-4106-B169-6F68B1BBA536} = {6A917193-1EC6-4603-8554-E66913986F87}
		{388F6081-845A-4B2F-AE56-7F001D43771A} = {6A917193-1EC6-4603-8554-E66913986F87}
		{6410370E-9C93-4D82-95DB-E732F0B48EA3} = {388F6081-845A-4B2F-AE56-7F001D43771A}
	EndGlobalSection
	GlobalSection(ExtensibilityGlobals) = postSolution
		SolutionGuid = {88AD96C2-3DE7-4622-9D57-B90B7A8262C5}
	EndGlobalSection
EndGlobal
