
Microsoft Visual Studio Solution File, Format Version 12.00
# Visual Studio Version 16
VisualStudioVersion = 16.0.29512.175
MinimumVisualStudioVersion = 10.0.40219.1
Project("{FAE04EC0-301F-11D3-BF4B-00C04F79EFBC}") = "CryptoCAD.API", "CryptoCAD.API\CryptoCAD.API.csproj", "{88FCB626-BDB1-4090-83CA-3A026FCA1F5C}"
EndProject
Project("{2150E333-8FDC-42A3-9474-1A3956D46DE8}") = "Src", "Src", "{6A917193-1EC6-4603-8554-E66913986F87}"
EndProject
Project("{2150E333-8FDC-42A3-9474-1A3956D46DE8}") = "Core", "Core", "{9D22BF77-3E9F-4F93-8A1E-F626CB589572}"
EndProject
Project("{2150E333-8FDC-42A3-9474-1A3956D46DE8}") = "Presentation", "Presentation", "{C53015E6-7879-4B4F-8663-4D4EEDA91907}"
EndProject
Global
	GlobalSection(SolutionConfigurationPlatforms) = preSolution
		Debug|Any CPU = Debug|Any CPU
		Release|Any CPU = Release|Any CPU
	EndGlobalSection
	GlobalSection(ProjectConfigurationPlatforms) = postSolution
		{88FCB626-BDB1-4090-83CA-3A026FCA1F5C}.Debug|Any CPU.ActiveCfg = Debug|Any CPU
		{88FCB626-BDB1-4090-83CA-3A026FCA1F5C}.Debug|Any CPU.Build.0 = Debug|Any CPU
		{88FCB626-BDB1-4090-83CA-3A026FCA1F5C}.Release|Any CPU.ActiveCfg = Release|Any CPU
		{88FCB626-BDB1-4090-83CA-3A026FCA1F5C}.Release|Any CPU.Build.0 = Release|Any CPU
	EndGlobalSection
	GlobalSection(SolutionProperties) = preSolution
		HideSolutionNode = FALSE
	EndGlobalSection
	GlobalSection(NestedProjects) = preSolution
		{88FCB626-BDB1-4090-83CA-3A026FCA1F5C} = {C53015E6-7879-4B4F-8663-4D4EEDA91907}
		{9D22BF77-3E9F-4F93-8A1E-F626CB589572} = {6A917193-1EC6-4603-8554-E66913986F87}
		{C53015E6-7879-4B4F-8663-4D4EEDA91907} = {6A917193-1EC6-4603-8554-E66913986F87}
	EndGlobalSection
	GlobalSection(ExtensibilityGlobals) = postSolution
		SolutionGuid = {88AD96C2-3DE7-4622-9D57-B90B7A8262C5}
	EndGlobalSection
EndGlobal
